
Microsoft Visual Studio Solution File, Format Version 12.00
# Visual Studio Version 16
VisualStudioVersion = 16.0.32901.82
MinimumVisualStudioVersion = 10.0.40219.1
Project("{FAE04EC0-301F-11D3-BF4B-00C04F79EFBC}") = "Mathematical problems", "Mathematical problems.csproj", "{67D09EDA-ABF7-4E3D-873E-9592A8FC3DCA}"
EndProject
Global
	GlobalSection(SolutionConfigurationPlatforms) = preSolution
		Debug|Any CPU = Debug|Any CPU
		Release|Any CPU = Release|Any CPU
	EndGlobalSection
	GlobalSection(ProjectConfigurationPlatforms) = postSolution
		{67D09EDA-ABF7-4E3D-873E-9592A8FC3DCA}.Debug|Any CPU.ActiveCfg = Debug|Any CPU
		{67D09EDA-ABF7-4E3D-873E-9592A8FC3DCA}.Debug|Any CPU.Build.0 = Debug|Any CPU
		{67D09EDA-ABF7-4E3D-873E-9592A8FC3DCA}.Release|Any CPU.ActiveCfg = Release|Any CPU
		{67D09EDA-ABF7-4E3D-873E-9592A8FC3DCA}.Release|Any CPU.Build.0 = Release|Any CPU
	EndGlobalSection
	GlobalSection(SolutionProperties) = preSolution
		HideSolutionNode = FALSE
	EndGlobalSection
	GlobalSection(ExtensibilityGlobals) = postSolution
		SolutionGuid = {B990E38D-DA4F-4E7B-865D-D0DE83CB6427}
	EndGlobalSection
EndGlobal
